
Microsoft Visual Studio Solution File, Format Version 12.00
# Visual Studio 15
VisualStudioVersion = 15.0.26124.0
MinimumVisualStudioVersion = 15.0.26124.0
Project("{FAE04EC0-301F-11D3-BF4B-00C04F79EFBC}") = "Assembler6502", "Assembler6502\Assembler6502.csproj", "{934FF17D-4038-44D1-856B-CEF15879DEA6}"
EndProject
Project("{FAE04EC0-301F-11D3-BF4B-00C04F79EFBC}") = "Assembler6502.Tests", "Assembler6502.Tests\Assembler6502.Tests.csproj", "{6A58920F-19BC-4A56-97EB-E8E3AE058542}"
EndProject
Global
	GlobalSection(SolutionConfigurationPlatforms) = preSolution
		Debug|Any CPU = Debug|Any CPU
		Debug|x64 = Debug|x64
		Debug|x86 = Debug|x86
		Release|Any CPU = Release|Any CPU
		Release|x64 = Release|x64
		Release|x86 = Release|x86
	EndGlobalSection
	GlobalSection(SolutionProperties) = preSolution
		HideSolutionNode = FALSE
	EndGlobalSection
	GlobalSection(ProjectConfigurationPlatforms) = postSolution
		{934FF17D-4038-44D1-856B-CEF15879DEA6}.Debug|Any CPU.ActiveCfg = Debug|Any CPU
		{934FF17D-4038-44D1-856B-CEF15879DEA6}.Debug|Any CPU.Build.0 = Debug|Any CPU
		{934FF17D-4038-44D1-856B-CEF15879DEA6}.Debug|x64.ActiveCfg = Debug|x64
		{934FF17D-4038-44D1-856B-CEF15879DEA6}.Debug|x64.Build.0 = Debug|x64
		{934FF17D-4038-44D1-856B-CEF15879DEA6}.Debug|x86.ActiveCfg = Debug|x86
		{934FF17D-4038-44D1-856B-CEF15879DEA6}.Debug|x86.Build.0 = Debug|x86
		{934FF17D-4038-44D1-856B-CEF15879DEA6}.Release|Any CPU.ActiveCfg = Release|Any CPU
		{934FF17D-4038-44D1-856B-CEF15879DEA6}.Release|Any CPU.Build.0 = Release|Any CPU
		{934FF17D-4038-44D1-856B-CEF15879DEA6}.Release|x64.ActiveCfg = Release|x64
		{934FF17D-4038-44D1-856B-CEF15879DEA6}.Release|x64.Build.0 = Release|x64
		{934FF17D-4038-44D1-856B-CEF15879DEA6}.Release|x86.ActiveCfg = Release|x86
		{934FF17D-4038-44D1-856B-CEF15879DEA6}.Release|x86.Build.0 = Release|x86
		{6A58920F-19BC-4A56-97EB-E8E3AE058542}.Debug|Any CPU.ActiveCfg = Debug|Any CPU
		{6A58920F-19BC-4A56-97EB-E8E3AE058542}.Debug|Any CPU.Build.0 = Debug|Any CPU
		{6A58920F-19BC-4A56-97EB-E8E3AE058542}.Debug|x64.ActiveCfg = Debug|x64
		{6A58920F-19BC-4A56-97EB-E8E3AE058542}.Debug|x64.Build.0 = Debug|x64
		{6A58920F-19BC-4A56-97EB-E8E3AE058542}.Debug|x86.ActiveCfg = Debug|x86
		{6A58920F-19BC-4A56-97EB-E8E3AE058542}.Debug|x86.Build.0 = Debug|x86
		{6A58920F-19BC-4A56-97EB-E8E3AE058542}.Release|Any CPU.ActiveCfg = Release|Any CPU
		{6A58920F-19BC-4A56-97EB-E8E3AE058542}.Release|Any CPU.Build.0 = Release|Any CPU
		{6A58920F-19BC-4A56-97EB-E8E3AE058542}.Release|x64.ActiveCfg = Release|x64
		{6A58920F-19BC-4A56-97EB-E8E3AE058542}.Release|x64.Build.0 = Release|x64
		{6A58920F-19BC-4A56-97EB-E8E3AE058542}.Release|x86.ActiveCfg = Release|x86
		{6A58920F-19BC-4A56-97EB-E8E3AE058542}.Release|x86.Build.0 = Release|x86
	EndGlobalSection
EndGlobal
